
Microsoft Visual Studio Solution File, Format Version 12.00
# Visual Studio Version 16
VisualStudioVersion = 16.0.28803.202
MinimumVisualStudioVersion = 10.0.40219.1
Project("{FAE04EC0-301F-11D3-BF4B-00C04F79EFBC}") = "Scanner.Api", "Scanner.Api\Scanner.Api.csproj", "{6DA71270-8A0D-4D09-8715-BEC1DBACE540}"
EndProject
Project("{FAE04EC0-301F-11D3-BF4B-00C04F79EFBC}") = "Scanner.Host", "Scanner.Host\Scanner.Host.csproj", "{1FD42E0A-AECA-45BB-9FD8-D005629C13BA}"
EndProject
Project("{FAE04EC0-301F-11D3-BF4B-00C04F79EFBC}") = "Scanner.Driver", "Scanner.Driver\Scanner.Driver.csproj", "{FBE3AC10-58A2-49B9-8BDA-4543867158A7}"
EndProject
Project("{FAE04EC0-301F-11D3-BF4B-00C04F79EFBC}") = "Scanner.Batch", "Scanner.Batch\Scanner.Batch.csproj", "{1F8B3D0D-669B-42EC-80A6-EE91F4F31DEC}"
EndProject
Project("{FAE04EC0-301F-11D3-BF4B-00C04F79EFBC}") = "Scanner.Data", "Scanner.Data\Scanner.Data.csproj", "{FB84BD1D-C5F4-4BE7-8FC6-80D6EE776D97}"
EndProject
Project("{FAE04EC0-301F-11D3-BF4B-00C04F79EFBC}") = "Scanner.Test", "Scanner.Test\Scanner.Test.csproj", "{103FE407-0272-410A-BF13-8D5FB57F44F3}"
EndProject
Project("{FAE04EC0-301F-11D3-BF4B-00C04F79EFBC}") = "Scanner.Image", "Scanner.Image\Scanner.Image.csproj", "{43C53014-2D26-4EAF-9297-904111935427}"
EndProject
Global
	GlobalSection(SolutionConfigurationPlatforms) = preSolution
		Debug|Any CPU = Debug|Any CPU
		Release|Any CPU = Release|Any CPU
	EndGlobalSection
	GlobalSection(ProjectConfigurationPlatforms) = postSolution
		{6DA71270-8A0D-4D09-8715-BEC1DBACE540}.Debug|Any CPU.ActiveCfg = Debug|Any CPU
		{6DA71270-8A0D-4D09-8715-BEC1DBACE540}.Debug|Any CPU.Build.0 = Debug|Any CPU
		{6DA71270-8A0D-4D09-8715-BEC1DBACE540}.Release|Any CPU.ActiveCfg = Release|Any CPU
		{6DA71270-8A0D-4D09-8715-BEC1DBACE540}.Release|Any CPU.Build.0 = Release|Any CPU
		{1FD42E0A-AECA-45BB-9FD8-D005629C13BA}.Debug|Any CPU.ActiveCfg = Debug|Any CPU
		{1FD42E0A-AECA-45BB-9FD8-D005629C13BA}.Debug|Any CPU.Build.0 = Debug|Any CPU
		{1FD42E0A-AECA-45BB-9FD8-D005629C13BA}.Release|Any CPU.ActiveCfg = Release|Any CPU
		{1FD42E0A-AECA-45BB-9FD8-D005629C13BA}.Release|Any CPU.Build.0 = Release|Any CPU
		{FBE3AC10-58A2-49B9-8BDA-4543867158A7}.Debug|Any CPU.ActiveCfg = Debug|Any CPU
		{FBE3AC10-58A2-49B9-8BDA-4543867158A7}.Debug|Any CPU.Build.0 = Debug|Any CPU
		{FBE3AC10-58A2-49B9-8BDA-4543867158A7}.Release|Any CPU.ActiveCfg = Release|Any CPU
		{FBE3AC10-58A2-49B9-8BDA-4543867158A7}.Release|Any CPU.Build.0 = Release|Any CPU
		{1F8B3D0D-669B-42EC-80A6-EE91F4F31DEC}.Debug|Any CPU.ActiveCfg = Debug|Any CPU
		{1F8B3D0D-669B-42EC-80A6-EE91F4F31DEC}.Debug|Any CPU.Build.0 = Debug|Any CPU
		{1F8B3D0D-669B-42EC-80A6-EE91F4F31DEC}.Release|Any CPU.ActiveCfg = Release|Any CPU
		{1F8B3D0D-669B-42EC-80A6-EE91F4F31DEC}.Release|Any CPU.Build.0 = Release|Any CPU
		{FB84BD1D-C5F4-4BE7-8FC6-80D6EE776D97}.Debug|Any CPU.ActiveCfg = Debug|Any CPU
		{FB84BD1D-C5F4-4BE7-8FC6-80D6EE776D97}.Debug|Any CPU.Build.0 = Debug|Any CPU
		{FB84BD1D-C5F4-4BE7-8FC6-80D6EE776D97}.Release|Any CPU.ActiveCfg = Release|Any CPU
		{FB84BD1D-C5F4-4BE7-8FC6-80D6EE776D97}.Release|Any CPU.Build.0 = Release|Any CPU
		{103FE407-0272-410A-BF13-8D5FB57F44F3}.Debug|Any CPU.ActiveCfg = Debug|Any CPU
		{103FE407-0272-410A-BF13-8D5FB57F44F3}.Debug|Any CPU.Build.0 = Debug|Any CPU
		{103FE407-0272-410A-BF13-8D5FB57F44F3}.Release|Any CPU.ActiveCfg = Release|Any CPU
		{103FE407-0272-410A-BF13-8D5FB57F44F3}.Release|Any CPU.Build.0 = Release|Any CPU
		{43C53014-2D26-4EAF-9297-904111935427}.Debug|Any CPU.ActiveCfg = Debug|Any CPU
		{43C53014-2D26-4EAF-9297-904111935427}.Debug|Any CPU.Build.0 = Debug|Any CPU
		{43C53014-2D26-4EAF-9297-904111935427}.Release|Any CPU.ActiveCfg = Release|Any CPU
		{43C53014-2D26-4EAF-9297-904111935427}.Release|Any CPU.Build.0 = Release|Any CPU
	EndGlobalSection
	GlobalSection(SolutionProperties) = preSolution
		HideSolutionNode = FALSE
	EndGlobalSection
	GlobalSection(ExtensibilityGlobals) = postSolution
		SolutionGuid = {0793656D-DD73-4F8C-99B4-1D0DAA2D0CFA}
	EndGlobalSection
EndGlobal
